
Microsoft Visual Studio Solution File, Format Version 12.00
# Visual Studio Version 16
VisualStudioVersion = 16.0.29230.47
MinimumVisualStudioVersion = 10.0.40219.1
Project("{FAE04EC0-301F-11D3-BF4B-00C04F79EFBC}") = "ReadingQuery", "ReadingQuery\ReadingQuery.csproj", "{0247D68E-8832-470B-A0B9-455236C3428F}"
EndProject
Project("{FAE04EC0-301F-11D3-BF4B-00C04F79EFBC}") = "MyMath", "MyMath\MyMath.csproj", "{29191ECB-67EF-424E-AEA1-3CD372494264}"
EndProject
Project("{FAE04EC0-301F-11D3-BF4B-00C04F79EFBC}") = "MyMath1.UnitTests", "MyMath1.UnitTests\MyMath1.UnitTests.csproj", "{7A515395-CD3A-4692-AA52-B68C9FB26513}"
EndProject
Global
	GlobalSection(SolutionConfigurationPlatforms) = preSolution
		Debug|Any CPU = Debug|Any CPU
		Release|Any CPU = Release|Any CPU
	EndGlobalSection
	GlobalSection(ProjectConfigurationPlatforms) = postSolution
		{0247D68E-8832-470B-A0B9-455236C3428F}.Debug|Any CPU.ActiveCfg = Debug|Any CPU
		{0247D68E-8832-470B-A0B9-455236C3428F}.Debug|Any CPU.Build.0 = Debug|Any CPU
		{0247D68E-8832-470B-A0B9-455236C3428F}.Release|Any CPU.ActiveCfg = Release|Any CPU
		{0247D68E-8832-470B-A0B9-455236C3428F}.Release|Any CPU.Build.0 = Release|Any CPU
		{29191ECB-67EF-424E-AEA1-3CD372494264}.Debug|Any CPU.ActiveCfg = Debug|Any CPU
		{29191ECB-67EF-424E-AEA1-3CD372494264}.Debug|Any CPU.Build.0 = Debug|Any CPU
		{29191ECB-67EF-424E-AEA1-3CD372494264}.Release|Any CPU.ActiveCfg = Release|Any CPU
		{29191ECB-67EF-424E-AEA1-3CD372494264}.Release|Any CPU.Build.0 = Release|Any CPU
		{7A515395-CD3A-4692-AA52-B68C9FB26513}.Debug|Any CPU.ActiveCfg = Debug|Any CPU
		{7A515395-CD3A-4692-AA52-B68C9FB26513}.Debug|Any CPU.Build.0 = Debug|Any CPU
		{7A515395-CD3A-4692-AA52-B68C9FB26513}.Release|Any CPU.ActiveCfg = Release|Any CPU
		{7A515395-CD3A-4692-AA52-B68C9FB26513}.Release|Any CPU.Build.0 = Release|Any CPU
	EndGlobalSection
	GlobalSection(SolutionProperties) = preSolution
		HideSolutionNode = FALSE
	EndGlobalSection
	GlobalSection(ExtensibilityGlobals) = postSolution
		SolutionGuid = {23770FA2-9B6F-4AA5-A4B3-62D02027F534}
	EndGlobalSection
EndGlobal
